
Microsoft Visual Studio Solution File, Format Version 12.00
# Visual Studio Version 17
VisualStudioVersion = 17.9.34723.18
MinimumVisualStudioVersion = 10.0.40219.1
Project("{9A19103F-16F7-4668-BE54-9A1E7A4F7556}") = "Xceed.Wpf.AvalonDock", "Xceed.Wpf.AvalonDock\Xceed.Wpf.AvalonDock.csproj", "{EBAA4489-DDB7-4AB5-BE2C-BFB2C22F8277}"
EndProject
Project("{FAE04EC0-301F-11D3-BF4B-00C04F79EFBC}") = "Xceed.Wpf.AvalonDock.Themes.VS2013", "Xceed.Wpf.AvalonDock.Themes.VS2013\Xceed.Wpf.AvalonDock.Themes.VS2013.csproj", "{29404E17-1240-4C46-80D6-1FB0AC3E36B0}"
EndProject
Global
	GlobalSection(SolutionConfigurationPlatforms) = preSolution
		Debug|Any CPU = Debug|Any CPU
		Release|Any CPU = Release|Any CPU
	EndGlobalSection
	GlobalSection(ProjectConfigurationPlatforms) = postSolution
		{EBAA4489-DDB7-4AB5-BE2C-BFB2C22F8277}.Debug|Any CPU.ActiveCfg = Debug|Any CPU
		{EBAA4489-DDB7-4AB5-BE2C-BFB2C22F8277}.Debug|Any CPU.Build.0 = Debug|Any CPU
		{EBAA4489-DDB7-4AB5-BE2C-BFB2C22F8277}.Release|Any CPU.ActiveCfg = Release|Any CPU
		{EBAA4489-DDB7-4AB5-BE2C-BFB2C22F8277}.Release|Any CPU.Build.0 = Release|Any CPU
		{29404E17-1240-4C46-80D6-1FB0AC3E36B0}.Debug|Any CPU.ActiveCfg = Debug|Any CPU
		{29404E17-1240-4C46-80D6-1FB0AC3E36B0}.Debug|Any CPU.Build.0 = Debug|Any CPU
		{29404E17-1240-4C46-80D6-1FB0AC3E36B0}.Release|Any CPU.ActiveCfg = Release|Any CPU
		{29404E17-1240-4C46-80D6-1FB0AC3E36B0}.Release|Any CPU.Build.0 = Release|Any CPU
	EndGlobalSection
	GlobalSection(SolutionProperties) = preSolution
		HideSolutionNode = FALSE
	EndGlobalSection
	GlobalSection(ExtensibilityGlobals) = postSolution
		SolutionGuid = {60402F7E-6452-41C3-B636-CA3F6D3A9601}
	EndGlobalSection
EndGlobal
